
Microsoft Visual Studio Solution File, Format Version 12.00
# Visual Studio 14
VisualStudioVersion = 14.0.25420.1
MinimumVisualStudioVersion = 10.0.40219.1
Project("{FAE04EC0-301F-11D3-BF4B-00C04F79EFBC}") = "ConnectivityDeviceinfo.Droid", "ConnectivityDeviceinfo\ConnectivityDeviceinfo.Droid\ConnectivityDeviceinfo.Droid.csproj", "{82DF4847-2C64-4146-BEDD-E86CC602A704}"
EndProject
Project("{FAE04EC0-301F-11D3-BF4B-00C04F79EFBC}") = "ConnectivityDeviceinfo.iOS", "ConnectivityDeviceinfo\ConnectivityDeviceinfo.iOS\ConnectivityDeviceinfo.iOS.csproj", "{834B33FA-85AC-4163-B227-1476B2F679F0}"
EndProject
Project("{FAE04EC0-301F-11D3-BF4B-00C04F79EFBC}") = "ConnectivityDeviceinfo", "ConnectivityDeviceinfo\ConnectivityDeviceinfo\ConnectivityDeviceinfo.csproj", "{48A5B7A5-9F64-4282-89CC-15D75F7359C7}"
EndProject
Global
	GlobalSection(SolutionConfigurationPlatforms) = preSolution
		Ad-Hoc|Any CPU = Ad-Hoc|Any CPU
		Ad-Hoc|iPhone = Ad-Hoc|iPhone
		Ad-Hoc|iPhoneSimulator = Ad-Hoc|iPhoneSimulator
		AppStore|Any CPU = AppStore|Any CPU
		AppStore|iPhone = AppStore|iPhone
		AppStore|iPhoneSimulator = AppStore|iPhoneSimulator
		Debug|Any CPU = Debug|Any CPU
		Debug|iPhone = Debug|iPhone
		Debug|iPhoneSimulator = Debug|iPhoneSimulator
		Release|Any CPU = Release|Any CPU
		Release|iPhone = Release|iPhone
		Release|iPhoneSimulator = Release|iPhoneSimulator
	EndGlobalSection
	GlobalSection(ProjectConfigurationPlatforms) = postSolution
		{82DF4847-2C64-4146-BEDD-E86CC602A704}.Ad-Hoc|Any CPU.ActiveCfg = Release|Any CPU
		{82DF4847-2C64-4146-BEDD-E86CC602A704}.Ad-Hoc|Any CPU.Build.0 = Release|Any CPU
		{82DF4847-2C64-4146-BEDD-E86CC602A704}.Ad-Hoc|Any CPU.Deploy.0 = Release|Any CPU
		{82DF4847-2C64-4146-BEDD-E86CC602A704}.Ad-Hoc|iPhone.ActiveCfg = Release|Any CPU
		{82DF4847-2C64-4146-BEDD-E86CC602A704}.Ad-Hoc|iPhone.Build.0 = Release|Any CPU
		{82DF4847-2C64-4146-BEDD-E86CC602A704}.Ad-Hoc|iPhone.Deploy.0 = Release|Any CPU
		{82DF4847-2C64-4146-BEDD-E86CC602A704}.Ad-Hoc|iPhoneSimulator.ActiveCfg = Release|Any CPU
		{82DF4847-2C64-4146-BEDD-E86CC602A704}.Ad-Hoc|iPhoneSimulator.Build.0 = Release|Any CPU
		{82DF4847-2C64-4146-BEDD-E86CC602A704}.Ad-Hoc|iPhoneSimulator.Deploy.0 = Release|Any CPU
		{82DF4847-2C64-4146-BEDD-E86CC602A704}.AppStore|Any CPU.ActiveCfg = Release|Any CPU
		{82DF4847-2C64-4146-BEDD-E86CC602A704}.AppStore|Any CPU.Build.0 = Release|Any CPU
		{82DF4847-2C64-4146-BEDD-E86CC602A704}.AppStore|Any CPU.Deploy.0 = Release|Any CPU
		{82DF4847-2C64-4146-BEDD-E86CC602A704}.AppStore|iPhone.ActiveCfg = Release|Any CPU
		{82DF4847-2C64-4146-BEDD-E86CC602A704}.AppStore|iPhone.Build.0 = Release|Any CPU
		{82DF4847-2C64-4146-BEDD-E86CC602A704}.AppStore|iPhone.Deploy.0 = Release|Any CPU
		{82DF4847-2C64-4146-BEDD-E86CC602A704}.AppStore|iPhoneSimulator.ActiveCfg = Release|Any CPU
		{82DF4847-2C64-4146-BEDD-E86CC602A704}.AppStore|iPhoneSimulator.Build.0 = Release|Any CPU
		{82DF4847-2C64-4146-BEDD-E86CC602A704}.AppStore|iPhoneSimulator.Deploy.0 = Release|Any CPU
		{82DF4847-2C64-4146-BEDD-E86CC602A704}.Debug|Any CPU.ActiveCfg = Debug|Any CPU
		{82DF4847-2C64-4146-BEDD-E86CC602A704}.Debug|Any CPU.Build.0 = Debug|Any CPU
		{82DF4847-2C64-4146-BEDD-E86CC602A704}.Debug|Any CPU.Deploy.0 = Debug|Any CPU
		{82DF4847-2C64-4146-BEDD-E86CC602A704}.Debug|iPhone.ActiveCfg = Debug|Any CPU
		{82DF4847-2C64-4146-BEDD-E86CC602A704}.Debug|iPhone.Build.0 = Debug|Any CPU
		{82DF4847-2C64-4146-BEDD-E86CC602A704}.Debug|iPhone.Deploy.0 = Debug|Any CPU
		{82DF4847-2C64-4146-BEDD-E86CC602A704}.Debug|iPhoneSimulator.ActiveCfg = Debug|Any CPU
		{82DF4847-2C64-4146-BEDD-E86CC602A704}.Debug|iPhoneSimulator.Build.0 = Debug|Any CPU
		{82DF4847-2C64-4146-BEDD-E86CC602A704}.Debug|iPhoneSimulator.Deploy.0 = Debug|Any CPU
		{82DF4847-2C64-4146-BEDD-E86CC602A704}.Release|Any CPU.ActiveCfg = Release|Any CPU
		{82DF4847-2C64-4146-BEDD-E86CC602A704}.Release|Any CPU.Build.0 = Release|Any CPU
		{82DF4847-2C64-4146-BEDD-E86CC602A704}.Release|Any CPU.Deploy.0 = Release|Any CPU
		{82DF4847-2C64-4146-BEDD-E86CC602A704}.Release|iPhone.ActiveCfg = Release|Any CPU
		{82DF4847-2C64-4146-BEDD-E86CC602A704}.Release|iPhone.Build.0 = Release|Any CPU
		{82DF4847-2C64-4146-BEDD-E86CC602A704}.Release|iPhone.Deploy.0 = Release|Any CPU
		{82DF4847-2C64-4146-BEDD-E86CC602A704}.Release|iPhoneSimulator.ActiveCfg = Release|Any CPU
		{82DF4847-2C64-4146-BEDD-E86CC602A704}.Release|iPhoneSimulator.Build.0 = Release|Any CPU
		{82DF4847-2C64-4146-BEDD-E86CC602A704}.Release|iPhoneSimulator.Deploy.0 = Release|Any CPU
		{834B33FA-85AC-4163-B227-1476B2F679F0}.Ad-Hoc|Any CPU.ActiveCfg = Ad-Hoc|iPhone
		{834B33FA-85AC-4163-B227-1476B2F679F0}.Ad-Hoc|iPhone.ActiveCfg = Ad-Hoc|iPhone
		{834B33FA-85AC-4163-B227-1476B2F679F0}.Ad-Hoc|iPhone.Build.0 = Ad-Hoc|iPhone
		{834B33FA-85AC-4163-B227-1476B2F679F0}.Ad-Hoc|iPhoneSimulator.ActiveCfg = Ad-Hoc|iPhoneSimulator
		{834B33FA-85AC-4163-B227-1476B2F679F0}.Ad-Hoc|iPhoneSimulator.Build.0 = Ad-Hoc|iPhoneSimulator
		{834B33FA-85AC-4163-B227-1476B2F679F0}.AppStore|Any CPU.ActiveCfg = AppStore|iPhone
		{834B33FA-85AC-4163-B227-1476B2F679F0}.AppStore|iPhone.ActiveCfg = AppStore|iPhone
		{834B33FA-85AC-4163-B227-1476B2F679F0}.AppStore|iPhone.Build.0 = AppStore|iPhone
		{834B33FA-85AC-4163-B227-1476B2F679F0}.AppStore|iPhoneSimulator.ActiveCfg = AppStore|iPhoneSimulator
		{834B33FA-85AC-4163-B227-1476B2F679F0}.AppStore|iPhoneSimulator.Build.0 = AppStore|iPhoneSimulator
		{834B33FA-85AC-4163-B227-1476B2F679F0}.Debug|Any CPU.ActiveCfg = Debug|iPhone
		{834B33FA-85AC-4163-B227-1476B2F679F0}.Debug|iPhone.ActiveCfg = Debug|iPhone
		{834B33FA-85AC-4163-B227-1476B2F679F0}.Debug|iPhone.Build.0 = Debug|iPhone
		{834B33FA-85AC-4163-B227-1476B2F679F0}.Debug|iPhoneSimulator.ActiveCfg = Debug|iPhoneSimulator
		{834B33FA-85AC-4163-B227-1476B2F679F0}.Debug|iPhoneSimulator.Build.0 = Debug|iPhoneSimulator
		{834B33FA-85AC-4163-B227-1476B2F679F0}.Release|Any CPU.ActiveCfg = Release|iPhone
		{834B33FA-85AC-4163-B227-1476B2F679F0}.Release|iPhone.ActiveCfg = Release|iPhone
		{834B33FA-85AC-4163-B227-1476B2F679F0}.Release|iPhone.Build.0 = Release|iPhone
		{834B33FA-85AC-4163-B227-1476B2F679F0}.Release|iPhoneSimulator.ActiveCfg = Release|iPhoneSimulator
		{834B33FA-85AC-4163-B227-1476B2F679F0}.Release|iPhoneSimulator.Build.0 = Release|iPhoneSimulator
		{48A5B7A5-9F64-4282-89CC-15D75F7359C7}.Ad-Hoc|Any CPU.ActiveCfg = Release|Any CPU
		{48A5B7A5-9F64-4282-89CC-15D75F7359C7}.Ad-Hoc|Any CPU.Build.0 = Release|Any CPU
		{48A5B7A5-9F64-4282-89CC-15D75F7359C7}.Ad-Hoc|iPhone.ActiveCfg = Release|Any CPU
		{48A5B7A5-9F64-4282-89CC-15D75F7359C7}.Ad-Hoc|iPhone.Build.0 = Release|Any CPU
		{48A5B7A5-9F64-4282-89CC-15D75F7359C7}.Ad-Hoc|iPhoneSimulator.ActiveCfg = Release|Any CPU
		{48A5B7A5-9F64-4282-89CC-15D75F7359C7}.Ad-Hoc|iPhoneSimulator.Build.0 = Release|Any CPU
		{48A5B7A5-9F64-4282-89CC-15D75F7359C7}.AppStore|Any CPU.ActiveCfg = Release|Any CPU
		{48A5B7A5-9F64-4282-89CC-15D75F7359C7}.AppStore|Any CPU.Build.0 = Release|Any CPU
		{48A5B7A5-9F64-4282-89CC-15D75F7359C7}.AppStore|iPhone.ActiveCfg = Release|Any CPU
		{48A5B7A5-9F64-4282-89CC-15D75F7359C7}.AppStore|iPhone.Build.0 = Release|Any CPU
		{48A5B7A5-9F64-4282-89CC-15D75F7359C7}.AppStore|iPhoneSimulator.ActiveCfg = Release|Any CPU
		{48A5B7A5-9F64-4282-89CC-15D75F7359C7}.AppStore|iPhoneSimulator.Build.0 = Release|Any CPU
		{48A5B7A5-9F64-4282-89CC-15D75F7359C7}.Debug|Any CPU.ActiveCfg = Debug|Any CPU
		{48A5B7A5-9F64-4282-89CC-15D75F7359C7}.Debug|Any CPU.Build.0 = Debug|Any CPU
		{48A5B7A5-9F64-4282-89CC-15D75F7359C7}.Debug|iPhone.ActiveCfg = Debug|Any CPU
		{48A5B7A5-9F64-4282-89CC-15D75F7359C7}.Debug|iPhone.Build.0 = Debug|Any CPU
		{48A5B7A5-9F64-4282-89CC-15D75F7359C7}.Debug|iPhoneSimulator.ActiveCfg = Debug|Any CPU
		{48A5B7A5-9F64-4282-89CC-15D75F7359C7}.Debug|iPhoneSimulator.Build.0 = Debug|Any CPU
		{48A5B7A5-9F64-4282-89CC-15D75F7359C7}.Release|Any CPU.ActiveCfg = Release|Any CPU
		{48A5B7A5-9F64-4282-89CC-15D75F7359C7}.Release|Any CPU.Build.0 = Release|Any CPU
		{48A5B7A5-9F64-4282-89CC-15D75F7359C7}.Release|iPhone.ActiveCfg = Release|Any CPU
		{48A5B7A5-9F64-4282-89CC-15D75F7359C7}.Release|iPhone.Build.0 = Release|Any CPU
		{48A5B7A5-9F64-4282-89CC-15D75F7359C7}.Release|iPhoneSimulator.ActiveCfg = Release|Any CPU
		{48A5B7A5-9F64-4282-89CC-15D75F7359C7}.Release|iPhoneSimulator.Build.0 = Release|Any CPU
	EndGlobalSection
	GlobalSection(SolutionProperties) = preSolution
		HideSolutionNode = FALSE
	EndGlobalSection
EndGlobal
